// !$*UTF8*$!
{
	archiveVersion = 1;
	classes = {
	};
	objectVersion = 51;
	objects = {

/* Begin PBXBuildFile section */
		094016572528CAA000D79294 /* AnimationController.swift in Sources */ = {isa = PBXBuildFile; fileRef = 094016562528CAA000D79294 /* AnimationController.swift */; };
		0941E0C3252AF654005A42BC /* ViewNotesViewModel.swift in Sources */ = {isa = PBXBuildFile; fileRef = 0941E0C2252AF654005A42BC /* ViewNotesViewModel.swift */; };
		0941E0C5252B0045005A42BC /* ViewImageViewModel.swift in Sources */ = {isa = PBXBuildFile; fileRef = 0941E0C4252B0045005A42BC /* ViewImageViewModel.swift */; };
		0941E0C8252B07C7005A42BC /* Extension+String.swift in Sources */ = {isa = PBXBuildFile; fileRef = 0941E0C7252B07C7005A42BC /* Extension+String.swift */; };
		0941E0CA252B4C03005A42BC /* imageViewViewController.swift in Sources */ = {isa = PBXBuildFile; fileRef = 0941E0C9252B4C03005A42BC /* imageViewViewController.swift */; };
		0942730325298AA400249F01 /* ImagesCollectionViewCell.swift in Sources */ = {isa = PBXBuildFile; fileRef = 0942730225298AA400249F01 /* ImagesCollectionViewCell.swift */; };
		09E4C93725271372008E9448 /* AppDelegate.swift in Sources */ = {isa = PBXBuildFile; fileRef = 09E4C93625271372008E9448 /* AppDelegate.swift */; };
		09E4C93925271372008E9448 /* SceneDelegate.swift in Sources */ = {isa = PBXBuildFile; fileRef = 09E4C93825271372008E9448 /* SceneDelegate.swift */; };
		09E4C93B25271372008E9448 /* ViewController.swift in Sources */ = {isa = PBXBuildFile; fileRef = 09E4C93A25271372008E9448 /* ViewController.swift */; };
		09E4C93E25271372008E9448 /* Main.storyboard in Resources */ = {isa = PBXBuildFile; fileRef = 09E4C93C25271372008E9448 /* Main.storyboard */; };
		09E4C94325271375008E9448 /* Assets.xcassets in Resources */ = {isa = PBXBuildFile; fileRef = 09E4C94225271375008E9448 /* Assets.xcassets */; };
		09E4C94625271375008E9448 /* LaunchScreen.storyboard in Resources */ = {isa = PBXBuildFile; fileRef = 09E4C94425271375008E9448 /* LaunchScreen.storyboard */; };
		09E4C95125271375008E9448 /* Zoho_NotesTests.swift in Sources */ = {isa = PBXBuildFile; fileRef = 09E4C95025271375008E9448 /* Zoho_NotesTests.swift */; };
		09E4C95C25271375008E9448 /* Zoho_NotesUITests.swift in Sources */ = {isa = PBXBuildFile; fileRef = 09E4C95B25271375008E9448 /* Zoho_NotesUITests.swift */; };
		09E4C96B25271E4B008E9448 /* AddNewNotesView.swift in Sources */ = {isa = PBXBuildFile; fileRef = 09E4C96A25271E4B008E9448 /* AddNewNotesView.swift */; };
		09E4C97025272931008E9448 /* NotesCollectionViewCell.swift in Sources */ = {isa = PBXBuildFile; fileRef = 09E4C96F25272931008E9448 /* NotesCollectionViewCell.swift */; };
		09E4C9722527327E008E9448 /* ViewNotesViewController.swift in Sources */ = {isa = PBXBuildFile; fileRef = 09E4C9712527327E008E9448 /* ViewNotesViewController.swift */; };
		09E4C97A25278768008E9448 /* Reachability.swift in Sources */ = {isa = PBXBuildFile; fileRef = 09E4C97925278768008E9448 /* Reachability.swift */; };
		09E4C97C252787C5008E9448 /* NotesModel.swift in Sources */ = {isa = PBXBuildFile; fileRef = 09E4C97B252787C5008E9448 /* NotesModel.swift */; };
		09E4C97E2527894F008E9448 /* NotesViewModel.swift in Sources */ = {isa = PBXBuildFile; fileRef = 09E4C97D2527894F008E9448 /* NotesViewModel.swift */; };
		09E4C98125278F6F008E9448 /* NetworkAdapter.swift in Sources */ = {isa = PBXBuildFile; fileRef = 09E4C98025278F6F008E9448 /* NetworkAdapter.swift */; };
		09E4C98325279097008E9448 /* HTTPClass.swift in Sources */ = {isa = PBXBuildFile; fileRef = 09E4C98225279097008E9448 /* HTTPClass.swift */; };
		09E4C9872527B0C6008E9448 /* Zoho_Notes.xcdatamodel in Sources */ = {isa = PBXBuildFile; fileRef = 09E4C9862527B0C6008E9448 /* Zoho_Notes.xcdatamodel */; };
		09EF56F3252A4EE60064BEBF /* ViewImageViewController.swift in Sources */ = {isa = PBXBuildFile; fileRef = 09EF56F2252A4EE60064BEBF /* ViewImageViewController.swift */; };
		A5D496A2D36086B4648A33B2 /* Pods_Zoho_Notes.framework in Frameworks */ = {isa = PBXBuildFile; fileRef = 55EB216A76A64C06CABC7EF2 /* Pods_Zoho_Notes.framework */; };
/* End PBXBuildFile section */

/* Begin PBXContainerItemProxy section */
		09E4C94D25271375008E9448 /* PBXContainerItemProxy */ = {
			isa = PBXContainerItemProxy;
			containerPortal = 09E4C92B25271372008E9448 /* Project object */;
			proxyType = 1;
			remoteGlobalIDString = 09E4C93225271372008E9448;
			remoteInfo = "Zoho Notes";
		};
		09E4C95825271375008E9448 /* PBXContainerItemProxy */ = {
			isa = PBXContainerItemProxy;
			containerPortal = 09E4C92B25271372008E9448 /* Project object */;
			proxyType = 1;
			remoteGlobalIDString = 09E4C93225271372008E9448;
			remoteInfo = "Zoho Notes";
		};
/* End PBXContainerItemProxy section */

/* Begin PBXFileReference section */
		094016562528CAA000D79294 /* AnimationController.swift */ = {isa = PBXFileReference; lastKnownFileType = sourcecode.swift; path = AnimationController.swift; sourceTree = "<group>"; };
		0941E0C2252AF654005A42BC /* ViewNotesViewModel.swift */ = {isa = PBXFileReference; lastKnownFileType = sourcecode.swift; path = ViewNotesViewModel.swift; sourceTree = "<group>"; };
		0941E0C4252B0045005A42BC /* ViewImageViewModel.swift */ = {isa = PBXFileReference; lastKnownFileType = sourcecode.swift; path = ViewImageViewModel.swift; sourceTree = "<group>"; };
		0941E0C7252B07C7005A42BC /* Extension+String.swift */ = {isa = PBXFileReference; lastKnownFileType = sourcecode.swift; path = "Extension+String.swift"; sourceTree = "<group>"; };
		0941E0C9252B4C03005A42BC /* imageViewViewController.swift */ = {isa = PBXFileReference; lastKnownFileType = sourcecode.swift; path = imageViewViewController.swift; sourceTree = "<group>"; };
		0942730225298AA400249F01 /* ImagesCollectionViewCell.swift */ = {isa = PBXFileReference; lastKnownFileType = sourcecode.swift; path = ImagesCollectionViewCell.swift; sourceTree = "<group>"; };
		09E4C93325271372008E9448 /* Zoho Notes.app */ = {isa = PBXFileReference; explicitFileType = wrapper.application; includeInIndex = 0; path = "Zoho Notes.app"; sourceTree = BUILT_PRODUCTS_DIR; };
		09E4C93625271372008E9448 /* AppDelegate.swift */ = {isa = PBXFileReference; lastKnownFileType = sourcecode.swift; path = AppDelegate.swift; sourceTree = "<group>"; };
		09E4C93825271372008E9448 /* SceneDelegate.swift */ = {isa = PBXFileReference; lastKnownFileType = sourcecode.swift; path = SceneDelegate.swift; sourceTree = "<group>"; };
		09E4C93A25271372008E9448 /* ViewController.swift */ = {isa = PBXFileReference; lastKnownFileType = sourcecode.swift; path = ViewController.swift; sourceTree = "<group>"; };
		09E4C93D25271372008E9448 /* Base */ = {isa = PBXFileReference; lastKnownFileType = file.storyboard; name = Base; path = Base.lproj/Main.storyboard; sourceTree = "<group>"; };
		09E4C94225271375008E9448 /* Assets.xcassets */ = {isa = PBXFileReference; lastKnownFileType = folder.assetcatalog; path = Assets.xcassets; sourceTree = "<group>"; };
		09E4C94525271375008E9448 /* Base */ = {isa = PBXFileReference; lastKnownFileType = file.storyboard; name = Base; path = Base.lproj/LaunchScreen.storyboard; sourceTree = "<group>"; };
		09E4C94725271375008E9448 /* Info.plist */ = {isa = PBXFileReference; lastKnownFileType = text.plist.xml; path = Info.plist; sourceTree = "<group>"; };
		09E4C94C25271375008E9448 /* Zoho NotesTests.xctest */ = {isa = PBXFileReference; explicitFileType = wrapper.cfbundle; includeInIndex = 0; path = "Zoho NotesTests.xctest"; sourceTree = BUILT_PRODUCTS_DIR; };
		09E4C95025271375008E9448 /* Zoho_NotesTests.swift */ = {isa = PBXFileReference; lastKnownFileType = sourcecode.swift; path = Zoho_NotesTests.swift; sourceTree = "<group>"; };
		09E4C95225271375008E9448 /* Info.plist */ = {isa = PBXFileReference; lastKnownFileType = text.plist.xml; path = Info.plist; sourceTree = "<group>"; };
		09E4C95725271375008E9448 /* Zoho NotesUITests.xctest */ = {isa = PBXFileReference; explicitFileType = wrapper.cfbundle; includeInIndex = 0; path = "Zoho NotesUITests.xctest"; sourceTree = BUILT_PRODUCTS_DIR; };
		09E4C95B25271375008E9448 /* Zoho_NotesUITests.swift */ = {isa = PBXFileReference; lastKnownFileType = sourcecode.swift; path = Zoho_NotesUITests.swift; sourceTree = "<group>"; };
		09E4C95D25271375008E9448 /* Info.plist */ = {isa = PBXFileReference; lastKnownFileType = text.plist.xml; path = Info.plist; sourceTree = "<group>"; };
		09E4C96A25271E4B008E9448 /* AddNewNotesView.swift */ = {isa = PBXFileReference; lastKnownFileType = sourcecode.swift; path = AddNewNotesView.swift; sourceTree = "<group>"; };
		09E4C96F25272931008E9448 /* NotesCollectionViewCell.swift */ = {isa = PBXFileReference; lastKnownFileType = sourcecode.swift; path = NotesCollectionViewCell.swift; sourceTree = "<group>"; };
		09E4C9712527327E008E9448 /* ViewNotesViewController.swift */ = {isa = PBXFileReference; lastKnownFileType = sourcecode.swift; path = ViewNotesViewController.swift; sourceTree = "<group>"; };
		09E4C97925278768008E9448 /* Reachability.swift */ = {isa = PBXFileReference; lastKnownFileType = sourcecode.swift; path = Reachability.swift; sourceTree = "<group>"; };
		09E4C97B252787C5008E9448 /* NotesModel.swift */ = {isa = PBXFileReference; lastKnownFileType = sourcecode.swift; path = NotesModel.swift; sourceTree = "<group>"; };
		09E4C97D2527894F008E9448 /* NotesViewModel.swift */ = {isa = PBXFileReference; lastKnownFileType = sourcecode.swift; path = NotesViewModel.swift; sourceTree = "<group>"; };
		09E4C98025278F6F008E9448 /* NetworkAdapter.swift */ = {isa = PBXFileReference; lastKnownFileType = sourcecode.swift; path = NetworkAdapter.swift; sourceTree = "<group>"; };
		09E4C98225279097008E9448 /* HTTPClass.swift */ = {isa = PBXFileReference; lastKnownFileType = sourcecode.swift; path = HTTPClass.swift; sourceTree = "<group>"; };
		09E4C9862527B0C6008E9448 /* Zoho_Notes.xcdatamodel */ = {isa = PBXFileReference; lastKnownFileType = wrapper.xcdatamodel; name = Zoho_Notes.xcdatamodel; path = Zoho_Notes.xcdatamodeld/Zoho_Notes.xcdatamodel; sourceTree = "<group>"; };
		09EF56F2252A4EE60064BEBF /* ViewImageViewController.swift */ = {isa = PBXFileReference; lastKnownFileType = sourcecode.swift; path = ViewImageViewController.swift; sourceTree = "<group>"; };
		0F3BE946780DC96189D8D3B3 /* Pods-Zoho Notes.release.xcconfig */ = {isa = PBXFileReference; includeInIndex = 1; lastKnownFileType = text.xcconfig; name = "Pods-Zoho Notes.release.xcconfig"; path = "Target Support Files/Pods-Zoho Notes/Pods-Zoho Notes.release.xcconfig"; sourceTree = "<group>"; };
		55EB216A76A64C06CABC7EF2 /* Pods_Zoho_Notes.framework */ = {isa = PBXFileReference; explicitFileType = wrapper.framework; includeInIndex = 0; path = Pods_Zoho_Notes.framework; sourceTree = BUILT_PRODUCTS_DIR; };
		5DFEB4A0F7CCC78B1EA27FE0 /* Pods-Zoho Notes.debug.xcconfig */ = {isa = PBXFileReference; includeInIndex = 1; lastKnownFileType = text.xcconfig; name = "Pods-Zoho Notes.debug.xcconfig"; path = "Target Support Files/Pods-Zoho Notes/Pods-Zoho Notes.debug.xcconfig"; sourceTree = "<group>"; };
/* End PBXFileReference section */

/* Begin PBXFrameworksBuildPhase section */
		09E4C93025271372008E9448 /* Frameworks */ = {
			isa = PBXFrameworksBuildPhase;
			buildActionMask = 2147483647;
			files = (
				A5D496A2D36086B4648A33B2 /* Pods_Zoho_Notes.framework in Frameworks */,
			);
			runOnlyForDeploymentPostprocessing = 0;
		};
		09E4C94925271375008E9448 /* Frameworks */ = {
			isa = PBXFrameworksBuildPhase;
			buildActionMask = 2147483647;
			files = (
			);
			runOnlyForDeploymentPostprocessing = 0;
		};
		09E4C95425271375008E9448 /* Frameworks */ = {
			isa = PBXFrameworksBuildPhase;
			buildActionMask = 2147483647;
			files = (
			);
			runOnlyForDeploymentPostprocessing = 0;
		};
/* End PBXFrameworksBuildPhase section */

/* Begin PBXGroup section */
		0941E0C6252B07AD005A42BC /* Extensions */ = {
			isa = PBXGroup;
			children = (
				094016562528CAA000D79294 /* AnimationController.swift */,
				0941E0C7252B07C7005A42BC /* Extension+String.swift */,
			);
			path = Extensions;
			sourceTree = "<group>";
		};
		09E4C92A25271372008E9448 = {
			isa = PBXGroup;
			children = (
				09E4C93525271372008E9448 /* Zoho Notes */,
				09E4C94F25271375008E9448 /* Zoho NotesTests */,
				09E4C95A25271375008E9448 /* Zoho NotesUITests */,
				09E4C93425271372008E9448 /* Products */,
				F5FD1E8065B34B1682DF723B /* Pods */,
				1206EACDAE5003BE36FE0916 /* Frameworks */,
			);
			sourceTree = "<group>";
		};
		09E4C93425271372008E9448 /* Products */ = {
			isa = PBXGroup;
			children = (
				09E4C93325271372008E9448 /* Zoho Notes.app */,
				09E4C94C25271375008E9448 /* Zoho NotesTests.xctest */,
				09E4C95725271375008E9448 /* Zoho NotesUITests.xctest */,
			);
			name = Products;
			sourceTree = "<group>";
		};
		09E4C93525271372008E9448 /* Zoho Notes */ = {
			isa = PBXGroup;
			children = (
				0941E0C6252B07AD005A42BC /* Extensions */,
				09E4C97F25278F52008E9448 /* Network */,
				09E4C96E252728D2008E9448 /* Cell */,
				09E4C96D25271EE8008E9448 /* ViewModel */,
				09E4C96C25271EE1008E9448 /* Model */,
				09E4C96925271E25008E9448 /* Controller */,
				09E4C93625271372008E9448 /* AppDelegate.swift */,
				09E4C93825271372008E9448 /* SceneDelegate.swift */,
				09E4C93C25271372008E9448 /* Main.storyboard */,
				09E4C94225271375008E9448 /* Assets.xcassets */,
				09E4C94425271375008E9448 /* LaunchScreen.storyboard */,
				09E4C94725271375008E9448 /* Info.plist */,
				09E4C9862527B0C6008E9448 /* Zoho_Notes.xcdatamodel */,
				09E4C97925278768008E9448 /* Reachability.swift */,
			);
			path = "Zoho Notes";
			sourceTree = "<group>";
		};
		09E4C94F25271375008E9448 /* Zoho NotesTests */ = {
			isa = PBXGroup;
			children = (
				09E4C95025271375008E9448 /* Zoho_NotesTests.swift */,
				09E4C95225271375008E9448 /* Info.plist */,
			);
			path = "Zoho NotesTests";
			sourceTree = "<group>";
		};
		09E4C95A25271375008E9448 /* Zoho NotesUITests */ = {
			isa = PBXGroup;
			children = (
				09E4C95B25271375008E9448 /* Zoho_NotesUITests.swift */,
				09E4C95D25271375008E9448 /* Info.plist */,
			);
			path = "Zoho NotesUITests";
			sourceTree = "<group>";
		};
		09E4C96925271E25008E9448 /* Controller */ = {
			isa = PBXGroup;
			children = (
				09E4C93A25271372008E9448 /* ViewController.swift */,
				09E4C96A25271E4B008E9448 /* AddNewNotesView.swift */,
				09E4C9712527327E008E9448 /* ViewNotesViewController.swift */,
				09EF56F2252A4EE60064BEBF /* ViewImageViewController.swift */,
				0941E0C9252B4C03005A42BC /* imageViewViewController.swift */,
			);
			path = Controller;
			sourceTree = "<group>";
		};
		09E4C96C25271EE1008E9448 /* Model */ = {
			isa = PBXGroup;
			children = (
				09E4C97B252787C5008E9448 /* NotesModel.swift */,
			);
			path = Model;
			sourceTree = "<group>";
		};
		09E4C96D25271EE8008E9448 /* ViewModel */ = {
			isa = PBXGroup;
			children = (
				09E4C97D2527894F008E9448 /* NotesViewModel.swift */,
				0941E0C2252AF654005A42BC /* ViewNotesViewModel.swift */,
				0941E0C4252B0045005A42BC /* ViewImageViewModel.swift */,
			);
			path = ViewModel;
			sourceTree = "<group>";
		};
		09E4C96E252728D2008E9448 /* Cell */ = {
			isa = PBXGroup;
			children = (
				09E4C96F25272931008E9448 /* NotesCollectionViewCell.swift */,
				0942730225298AA400249F01 /* ImagesCollectionViewCell.swift */,
			);
			path = Cell;
			sourceTree = "<group>";
		};
		09E4C97F25278F52008E9448 /* Network */ = {
			isa = PBXGroup;
			children = (
				09E4C98025278F6F008E9448 /* NetworkAdapter.swift */,
				09E4C98225279097008E9448 /* HTTPClass.swift */,
			);
			path = Network;
			sourceTree = "<group>";
		};
		1206EACDAE5003BE36FE0916 /* Frameworks */ = {
			isa = PBXGroup;
			children = (
				55EB216A76A64C06CABC7EF2 /* Pods_Zoho_Notes.framework */,
			);
			name = Frameworks;
			sourceTree = "<group>";
		};
		F5FD1E8065B34B1682DF723B /* Pods */ = {
			isa = PBXGroup;
			children = (
				5DFEB4A0F7CCC78B1EA27FE0 /* Pods-Zoho Notes.debug.xcconfig */,
				0F3BE946780DC96189D8D3B3 /* Pods-Zoho Notes.release.xcconfig */,
			);
			path = Pods;
			sourceTree = "<group>";
		};
/* End PBXGroup section */

/* Begin PBXNativeTarget section */
		09E4C93225271372008E9448 /* Zoho Notes */ = {
			isa = PBXNativeTarget;
			buildConfigurationList = 09E4C96025271375008E9448 /* Build configuration list for PBXNativeTarget "Zoho Notes" */;
			buildPhases = (
				1EA95DD6FF9A852D0C164259 /* [CP] Check Pods Manifest.lock */,
				09E4C92F25271372008E9448 /* Sources */,
				09E4C93025271372008E9448 /* Frameworks */,
				09E4C93125271372008E9448 /* Resources */,
				6BDAFF7BEADE954A858EFF22 /* [CP] Embed Pods Frameworks */,
			);
			buildRules = (
			);
			dependencies = (
			);
			name = "Zoho Notes";
			productName = "Zoho Notes";
			productReference = 09E4C93325271372008E9448 /* Zoho Notes.app */;
			productType = "com.apple.product-type.application";
		};
		09E4C94B25271375008E9448 /* Zoho NotesTests */ = {
			isa = PBXNativeTarget;
			buildConfigurationList = 09E4C96325271375008E9448 /* Build configuration list for PBXNativeTarget "Zoho NotesTests" */;
			buildPhases = (
				09E4C94825271375008E9448 /* Sources */,
				09E4C94925271375008E9448 /* Frameworks */,
				09E4C94A25271375008E9448 /* Resources */,
			);
			buildRules = (
			);
			dependencies = (
				09E4C94E25271375008E9448 /* PBXTargetDependency */,
			);
			name = "Zoho NotesTests";
			productName = "Zoho NotesTests";
			productReference = 09E4C94C25271375008E9448 /* Zoho NotesTests.xctest */;
			productType = "com.apple.product-type.bundle.unit-test";
		};
		09E4C95625271375008E9448 /* Zoho NotesUITests */ = {
			isa = PBXNativeTarget;
			buildConfigurationList = 09E4C96625271375008E9448 /* Build configuration list for PBXNativeTarget "Zoho NotesUITests" */;
			buildPhases = (
				09E4C95325271375008E9448 /* Sources */,
				09E4C95425271375008E9448 /* Frameworks */,
				09E4C95525271375008E9448 /* Resources */,
			);
			buildRules = (
			);
			dependencies = (
				09E4C95925271375008E9448 /* PBXTargetDependency */,
			);
			name = "Zoho NotesUITests";
			productName = "Zoho NotesUITests";
			productReference = 09E4C95725271375008E9448 /* Zoho NotesUITests.xctest */;
			productType = "com.apple.product-type.bundle.ui-testing";
		};
/* End PBXNativeTarget section */

/* Begin PBXProject section */
		09E4C92B25271372008E9448 /* Project object */ = {
			isa = PBXProject;
			attributes = {
				LastSwiftUpdateCheck = 1150;
				LastUpgradeCheck = 1150;
				ORGANIZATIONNAME = Subendran;
				TargetAttributes = {
					09E4C93225271372008E9448 = {
						CreatedOnToolsVersion = 11.5;
					};
					09E4C94B25271375008E9448 = {
						CreatedOnToolsVersion = 11.5;
						TestTargetID = 09E4C93225271372008E9448;
					};
					09E4C95625271375008E9448 = {
						CreatedOnToolsVersion = 11.5;
						TestTargetID = 09E4C93225271372008E9448;
					};
				};
			};
			buildConfigurationList = 09E4C92E25271372008E9448 /* Build configuration list for PBXProject "Zoho Notes" */;
			compatibilityVersion = "Xcode 9.3";
			developmentRegion = en;
			hasScannedForEncodings = 0;
			knownRegions = (
				en,
				Base,
			);
			mainGroup = 09E4C92A25271372008E9448;
			productRefGroup = 09E4C93425271372008E9448 /* Products */;
			projectDirPath = "";
			projectRoot = "";
			targets = (
				09E4C93225271372008E9448 /* Zoho Notes */,
				09E4C94B25271375008E9448 /* Zoho NotesTests */,
				09E4C95625271375008E9448 /* Zoho NotesUITests */,
			);
		};
/* End PBXProject section */

/* Begin PBXResourcesBuildPhase section */
		09E4C93125271372008E9448 /* Resources */ = {
			isa = PBXResourcesBuildPhase;
			buildActionMask = 2147483647;
			files = (
				09E4C94625271375008E9448 /* LaunchScreen.storyboard in Resources */,
				09E4C94325271375008E9448 /* Assets.xcassets in Resources */,
				09E4C93E25271372008E9448 /* Main.storyboard in Resources */,
			);
			runOnlyForDeploymentPostprocessing = 0;
		};
		09E4C94A25271375008E9448 /* Resources */ = {
			isa = PBXResourcesBuildPhase;
			buildActionMask = 2147483647;
			files = (
			);
			runOnlyForDeploymentPostprocessing = 0;
		};
		09E4C95525271375008E9448 /* Resources */ = {
			isa = PBXResourcesBuildPhase;
			buildActionMask = 2147483647;
			files = (
			);
			runOnlyForDeploymentPostprocessing = 0;
		};
/* End PBXResourcesBuildPhase section */

/* Begin PBXShellScriptBuildPhase section */
		1EA95DD6FF9A852D0C164259 /* [CP] Check Pods Manifest.lock */ = {
			isa = PBXShellScriptBuildPhase;
			buildActionMask = 2147483647;
			files = (
			);
			inputFileListPaths = (
			);
			inputPaths = (
				"${PODS_PODFILE_DIR_PATH}/Podfile.lock",
				"${PODS_ROOT}/Manifest.lock",
			);
			name = "[CP] Check Pods Manifest.lock";
			outputFileListPaths = (
			);
			outputPaths = (
				"$(DERIVED_FILE_DIR)/Pods-Zoho Notes-checkManifestLockResult.txt",
			);
			runOnlyForDeploymentPostprocessing = 0;
			shellPath = /bin/sh;
			shellScript = "diff \"${PODS_PODFILE_DIR_PATH}/Podfile.lock\" \"${PODS_ROOT}/Manifest.lock\" > /dev/null\nif [ $? != 0 ] ; then\n    # print error to STDERR\n    echo \"error: The sandbox is not in sync with the Podfile.lock. Run 'pod install' or update your CocoaPods installation.\" >&2\n    exit 1\nfi\n# This output is used by Xcode 'outputs' to avoid re-running this script phase.\necho \"SUCCESS\" > \"${SCRIPT_OUTPUT_FILE_0}\"\n";
			showEnvVarsInLog = 0;
		};
		6BDAFF7BEADE954A858EFF22 /* [CP] Embed Pods Frameworks */ = {
			isa = PBXShellScriptBuildPhase;
			buildActionMask = 2147483647;
			files = (
			);
			inputFileListPaths = (
				"${PODS_ROOT}/Target Support Files/Pods-Zoho Notes/Pods-Zoho Notes-frameworks-${CONFIGURATION}-input-files.xcfilelist",
			);
			name = "[CP] Embed Pods Frameworks";
			outputFileListPaths = (
				"${PODS_ROOT}/Target Support Files/Pods-Zoho Notes/Pods-Zoho Notes-frameworks-${CONFIGURATION}-output-files.xcfilelist",
			);
			runOnlyForDeploymentPostprocessing = 0;
			shellPath = /bin/sh;
			shellScript = "\"${PODS_ROOT}/Target Support Files/Pods-Zoho Notes/Pods-Zoho Notes-frameworks.sh\"\n";
			showEnvVarsInLog = 0;
		};
/* End PBXShellScriptBuildPhase section */

/* Begin PBXSourcesBuildPhase section */
		09E4C92F25271372008E9448 /* Sources */ = {
			isa = PBXSourcesBuildPhase;
			buildActionMask = 2147483647;
			files = (
				09E4C93B25271372008E9448 /* ViewController.swift in Sources */,
				09E4C93725271372008E9448 /* AppDelegate.swift in Sources */,
				09E4C93925271372008E9448 /* SceneDelegate.swift in Sources */,
				09E4C97E2527894F008E9448 /* NotesViewModel.swift in Sources */,
				0941E0C3252AF654005A42BC /* ViewNotesViewModel.swift in Sources */,
				0941E0C8252B07C7005A42BC /* Extension+String.swift in Sources */,
				09E4C96B25271E4B008E9448 /* AddNewNotesView.swift in Sources */,
				09EF56F3252A4EE60064BEBF /* ViewImageViewController.swift in Sources */,
				0941E0C5252B0045005A42BC /* ViewImageViewModel.swift in Sources */,
				09E4C9872527B0C6008E9448 /* Zoho_Notes.xcdatamodel in Sources */,
				0942730325298AA400249F01 /* ImagesCollectionViewCell.swift in Sources */,
				09E4C9722527327E008E9448 /* ViewNotesViewController.swift in Sources */,
				09E4C98125278F6F008E9448 /* NetworkAdapter.swift in Sources */,
				094016572528CAA000D79294 /* AnimationController.swift in Sources */,
				09E4C97A25278768008E9448 /* Reachability.swift in Sources */,
				0941E0CA252B4C03005A42BC /* imageViewViewController.swift in Sources */,
				09E4C98325279097008E9448 /* HTTPClass.swift in Sources */,
				09E4C97025272931008E9448 /* NotesCollectionViewCell.swift in Sources */,
				09E4C97C252787C5008E9448 /* NotesModel.swift in Sources */,
			);
			runOnlyForDeploymentPostprocessing = 0;
		};
		09E4C94825271375008E9448 /* Sources */ = {
			isa = PBXSourcesBuildPhase;
			buildActionMask = 2147483647;
			files = (
				09E4C95125271375008E9448 /* Zoho_NotesTests.swift in Sources */,
			);
			runOnlyForDeploymentPostprocessing = 0;
		};
		09E4C95325271375008E9448 /* Sources */ = {
			isa = PBXSourcesBuildPhase;
			buildActionMask = 2147483647;
			files = (
				09E4C95C25271375008E9448 /* Zoho_NotesUITests.swift in Sources */,
			);
			runOnlyForDeploymentPostprocessing = 0;
		};
/* End PBXSourcesBuildPhase section */

/* Begin PBXTargetDependency section */
		09E4C94E25271375008E9448 /* PBXTargetDependency */ = {
			isa = PBXTargetDependency;
			target = 09E4C93225271372008E9448 /* Zoho Notes */;
			targetProxy = 09E4C94D25271375008E9448 /* PBXContainerItemProxy */;
		};
		09E4C95925271375008E9448 /* PBXTargetDependency */ = {
			isa = PBXTargetDependency;
			target = 09E4C93225271372008E9448 /* Zoho Notes */;
			targetProxy = 09E4C95825271375008E9448 /* PBXContainerItemProxy */;
		};
/* End PBXTargetDependency section */

/* Begin PBXVariantGroup section */
		09E4C93C25271372008E9448 /* Main.storyboard */ = {
			isa = PBXVariantGroup;
			children = (
				09E4C93D25271372008E9448 /* Base */,
			);
			name = Main.storyboard;
			sourceTree = "<group>";
		};
		09E4C94425271375008E9448 /* LaunchScreen.storyboard */ = {
			isa = PBXVariantGroup;
			children = (
				09E4C94525271375008E9448 /* Base */,
			);
			name = LaunchScreen.storyboard;
			sourceTree = "<group>";
		};
/* End PBXVariantGroup section */

/* Begin XCBuildConfiguration section */
		09E4C95E25271375008E9448 /* Debug */ = {
			isa = XCBuildConfiguration;
			buildSettings = {
				ALWAYS_SEARCH_USER_PATHS = NO;
				CLANG_ANALYZER_NONNULL = YES;
				CLANG_ANALYZER_NUMBER_OBJECT_CONVERSION = YES_AGGRESSIVE;
				CLANG_CXX_LANGUAGE_STANDARD = "gnu++14";
				CLANG_CXX_LIBRARY = "libc++";
				CLANG_ENABLE_MODULES = YES;
				CLANG_ENABLE_OBJC_ARC = YES;
				CLANG_ENABLE_OBJC_WEAK = YES;
				CLANG_WARN_BLOCK_CAPTURE_AUTORELEASING = YES;
				CLANG_WARN_BOOL_CONVERSION = YES;
				CLANG_WARN_COMMA = YES;
				CLANG_WARN_CONSTANT_CONVERSION = YES;
				CLANG_WARN_DEPRECATED_OBJC_IMPLEMENTATIONS = YES;
				CLANG_WARN_DIRECT_OBJC_ISA_USAGE = YES_ERROR;
				CLANG_WARN_DOCUMENTATION_COMMENTS = YES;
				CLANG_WARN_EMPTY_BODY = YES;
				CLANG_WARN_ENUM_CONVERSION = YES;
				CLANG_WARN_INFINITE_RECURSION = YES;
				CLANG_WARN_INT_CONVERSION = YES;
				CLANG_WARN_NON_LITERAL_NULL_CONVERSION = YES;
				CLANG_WARN_OBJC_IMPLICIT_RETAIN_SELF = YES;
				CLANG_WARN_OBJC_LITERAL_CONVERSION = YES;
				CLANG_WARN_OBJC_ROOT_CLASS = YES_ERROR;
				CLANG_WARN_RANGE_LOOP_ANALYSIS = YES;
				CLANG_WARN_STRICT_PROTOTYPES = YES;
				CLANG_WARN_SUSPICIOUS_MOVE = YES;
				CLANG_WARN_UNGUARDED_AVAILABILITY = YES_AGGRESSIVE;
				CLANG_WARN_UNREACHABLE_CODE = YES;
				CLANG_WARN__DUPLICATE_METHOD_MATCH = YES;
				COPY_PHASE_STRIP = NO;
				DEBUG_INFORMATION_FORMAT = dwarf;
				ENABLE_STRICT_OBJC_MSGSEND = YES;
				ENABLE_TESTABILITY = YES;
				GCC_C_LANGUAGE_STANDARD = gnu11;
				GCC_DYNAMIC_NO_PIC = NO;
				GCC_NO_COMMON_BLOCKS = YES;
				GCC_OPTIMIZATION_LEVEL = 0;
				GCC_PREPROCESSOR_DEFINITIONS = (
					"DEBUG=1",
					"$(inherited)",
				);
				GCC_WARN_64_TO_32_BIT_CONVERSION = YES;
				GCC_WARN_ABOUT_RETURN_TYPE = YES_ERROR;
				GCC_WARN_UNDECLARED_SELECTOR = YES;
				GCC_WARN_UNINITIALIZED_AUTOS = YES_AGGRESSIVE;
				GCC_WARN_UNUSED_FUNCTION = YES;
				GCC_WARN_UNUSED_VARIABLE = YES;
				IPHONEOS_DEPLOYMENT_TARGET = 13.5;
				MTL_ENABLE_DEBUG_INFO = INCLUDE_SOURCE;
				MTL_FAST_MATH = YES;
				ONLY_ACTIVE_ARCH = YES;
				SDKROOT = iphoneos;
				SWIFT_ACTIVE_COMPILATION_CONDITIONS = DEBUG;
				SWIFT_OPTIMIZATION_LEVEL = "-Onone";
			};
			name = Debug;
		};
		09E4C95F25271375008E9448 /* Release */ = {
			isa = XCBuildConfiguration;
			buildSettings = {
				ALWAYS_SEARCH_USER_PATHS = NO;
				CLANG_ANALYZER_NONNULL = YES;
				CLANG_ANALYZER_NUMBER_OBJECT_CONVERSION = YES_AGGRESSIVE;
				CLANG_CXX_LANGUAGE_STANDARD = "gnu++14";
				CLANG_CXX_LIBRARY = "libc++";
				CLANG_ENABLE_MODULES = YES;
				CLANG_ENABLE_OBJC_ARC = YES;
				CLANG_ENABLE_OBJC_WEAK = YES;
				CLANG_WARN_BLOCK_CAPTURE_AUTORELEASING = YES;
				CLANG_WARN_BOOL_CONVERSION = YES;
				CLANG_WARN_COMMA = YES;
				CLANG_WARN_CONSTANT_CONVERSION = YES;
				CLANG_WARN_DEPRECATED_OBJC_IMPLEMENTATIONS = YES;
				CLANG_WARN_DIRECT_OBJC_ISA_USAGE = YES_ERROR;
				CLANG_WARN_DOCUMENTATION_COMMENTS = YES;
				CLANG_WARN_EMPTY_BODY = YES;
				CLANG_WARN_ENUM_CONVERSION = YES;
				CLANG_WARN_INFINITE_RECURSION = YES;
				CLANG_WARN_INT_CONVERSION = YES;
				CLANG_WARN_NON_LITERAL_NULL_CONVERSION = YES;
				CLANG_WARN_OBJC_IMPLICIT_RETAIN_SELF = YES;
				CLANG_WARN_OBJC_LITERAL_CONVERSION = YES;
				CLANG_WARN_OBJC_ROOT_CLASS = YES_ERROR;
				CLANG_WARN_RANGE_LOOP_ANALYSIS = YES;
				CLANG_WARN_STRICT_PROTOTYPES = YES;
				CLANG_WARN_SUSPICIOUS_MOVE = YES;
				CLANG_WARN_UNGUARDED_AVAILABILITY = YES_AGGRESSIVE;
				CLANG_WARN_UNREACHABLE_CODE = YES;
				CLANG_WARN__DUPLICATE_METHOD_MATCH = YES;
				COPY_PHASE_STRIP = NO;
				DEBUG_INFORMATION_FORMAT = "dwarf-with-dsym";
				ENABLE_NS_ASSERTIONS = NO;
				ENABLE_STRICT_OBJC_MSGSEND = YES;
				GCC_C_LANGUAGE_STANDARD = gnu11;
				GCC_NO_COMMON_BLOCKS = YES;
				GCC_WARN_64_TO_32_BIT_CONVERSION = YES;
				GCC_WARN_ABOUT_RETURN_TYPE = YES_ERROR;
				GCC_WARN_UNDECLARED_SELECTOR = YES;
				GCC_WARN_UNINITIALIZED_AUTOS = YES_AGGRESSIVE;
				GCC_WARN_UNUSED_FUNCTION = YES;
				GCC_WARN_UNUSED_VARIABLE = YES;
				IPHONEOS_DEPLOYMENT_TARGET = 13.5;
				MTL_ENABLE_DEBUG_INFO = NO;
				MTL_FAST_MATH = YES;
				SDKROOT = iphoneos;
				SWIFT_COMPILATION_MODE = wholemodule;
				SWIFT_OPTIMIZATION_LEVEL = "-O";
				VALIDATE_PRODUCT = YES;
			};
			name = Release;
		};
		09E4C96125271375008E9448 /* Debug */ = {
			isa = XCBuildConfiguration;
			baseConfigurationReference = 5DFEB4A0F7CCC78B1EA27FE0 /* Pods-Zoho Notes.debug.xcconfig */;
			buildSettings = {
				ASSETCATALOG_COMPILER_APPICON_NAME = AppIcon;
				CODE_SIGN_STYLE = Automatic;
				INFOPLIST_FILE = "Zoho Notes/Info.plist";
				LD_RUNPATH_SEARCH_PATHS = (
					"$(inherited)",
					"@executable_path/Frameworks",
				);
				PRODUCT_BUNDLE_IDENTIFIER = "com.Subay.com.Zoho-Notes";
				PRODUCT_NAME = "$(TARGET_NAME)";
				SWIFT_VERSION = 5.0;
				TARGETED_DEVICE_FAMILY = "1,2";
			};
			name = Debug;
		};
		09E4C96225271375008E9448 /* Release */ = {
			isa = XCBuildConfiguration;
			baseConfigurationReference = 0F3BE946780DC96189D8D3B3 /* Pods-Zoho Notes.release.xcconfig */;
			buildSettings = {
				ASSETCATALOG_COMPILER_APPICON_NAME = AppIcon;
				CODE_SIGN_STYLE = Automatic;
				INFOPLIST_FILE = "Zoho Notes/Info.plist";
				LD_RUNPATH_SEARCH_PATHS = (
					"$(inherited)",
					"@executable_path/Frameworks",
				);
				PRODUCT_BUNDLE_IDENTIFIER = "com.Subay.com.Zoho-Notes";
				PRODUCT_NAME = "$(TARGET_NAME)";
				SWIFT_VERSION = 5.0;
				TARGETED_DEVICE_FAMILY = "1,2";
			};
			name = Release;
		};
		09E4C96425271375008E9448 /* Debug */ = {
			isa = XCBuildConfiguration;
			buildSettings = {
				ALWAYS_EMBED_SWIFT_STANDARD_LIBRARIES = YES;
				BUNDLE_LOADER = "$(TEST_HOST)";
				CODE_SIGN_STYLE = Automatic;
				INFOPLIST_FILE = "Zoho NotesTests/Info.plist";
				IPHONEOS_DEPLOYMENT_TARGET = 13.5;
				LD_RUNPATH_SEARCH_PATHS = (
					"$(inherited)",
					"@executable_path/Frameworks",
					"@loader_path/Frameworks",
				);
				PRODUCT_BUNDLE_IDENTIFIER = "com.Subay.com.Zoho-NotesTests";
				PRODUCT_NAME = "$(TARGET_NAME)";
				SWIFT_VERSION = 5.0;
				TARGETED_DEVICE_FAMILY = "1,2";
				TEST_HOST = "$(BUILT_PRODUCTS_DIR)/Zoho Notes.app/Zoho Notes";
			};
			name = Debug;
		};
		09E4C96525271375008E9448 /* Release */ = {
			isa = XCBuildConfiguration;
			buildSettings = {
				ALWAYS_EMBED_SWIFT_STANDARD_LIBRARIES = YES;
				BUNDLE_LOADER = "$(TEST_HOST)";
				CODE_SIGN_STYLE = Automatic;
				INFOPLIST_FILE = "Zoho NotesTests/Info.plist";
				IPHONEOS_DEPLOYMENT_TARGET = 13.5;
				LD_RUNPATH_SEARCH_PATHS = (
					"$(inherited)",
					"@executable_path/Frameworks",
					"@loader_path/Frameworks",
				);
				PRODUCT_BUNDLE_IDENTIFIER = "com.Subay.com.Zoho-NotesTests";
				PRODUCT_NAME = "$(TARGET_NAME)";
				SWIFT_VERSION = 5.0;
				TARGETED_DEVICE_FAMILY = "1,2";
				TEST_HOST = "$(BUILT_PRODUCTS_DIR)/Zoho Notes.app/Zoho Notes";
			};
			name = Release;
		};
		09E4C96725271375008E9448 /* Debug */ = {
			isa = XCBuildConfiguration;
			buildSettings = {
				ALWAYS_EMBED_SWIFT_STANDARD_LIBRARIES = YES;
				CODE_SIGN_STYLE = Automatic;
				INFOPLIST_FILE = "Zoho NotesUITests/Info.plist";
				LD_RUNPATH_SEARCH_PATHS = (
					"$(inherited)",
					"@executable_path/Frameworks",
					"@loader_path/Frameworks",
				);
				PRODUCT_BUNDLE_IDENTIFIER = "com.Subay.com.Zoho-NotesUITests";
				PRODUCT_NAME = "$(TARGET_NAME)";
				SWIFT_VERSION = 5.0;
				TARGETED_DEVICE_FAMILY = "1,2";
				TEST_TARGET_NAME = "Zoho Notes";
			};
			name = Debug;
		};
		09E4C96825271375008E9448 /* Release */ = {
			isa = XCBuildConfiguration;
			buildSettings = {
				ALWAYS_EMBED_SWIFT_STANDARD_LIBRARIES = YES;
				CODE_SIGN_STYLE = Automatic;
				INFOPLIST_FILE = "Zoho NotesUITests/Info.plist";
				LD_RUNPATH_SEARCH_PATHS = (
					"$(inherited)",
					"@executable_path/Frameworks",
					"@loader_path/Frameworks",
				);
				PRODUCT_BUNDLE_IDENTIFIER = "com.Subay.com.Zoho-NotesUITests";
				PRODUCT_NAME = "$(TARGET_NAME)";
				SWIFT_VERSION = 5.0;
				TARGETED_DEVICE_FAMILY = "1,2";
				TEST_TARGET_NAME = "Zoho Notes";
			};
			name = Release;
		};
/* End XCBuildConfiguration section */

/* Begin XCConfigurationList section */
		09E4C92E25271372008E9448 /* Build configuration list for PBXProject "Zoho Notes" */ = {
			isa = XCConfigurationList;
			buildConfigurations = (
				09E4C95E25271375008E9448 /* Debug */,
				09E4C95F25271375008E9448 /* Release */,
			);
			defaultConfigurationIsVisible = 0;
			defaultConfigurationName = Release;
		};
		09E4C96025271375008E9448 /* Build configuration list for PBXNativeTarget "Zoho Notes" */ = {
			isa = XCConfigurationList;
			buildConfigurations = (
				09E4C96125271375008E9448 /* Debug */,
				09E4C96225271375008E9448 /* Release */,
			);
			defaultConfigurationIsVisible = 0;
			defaultConfigurationName = Release;
		};
		09E4C96325271375008E9448 /* Build configuration list for PBXNativeTarget "Zoho NotesTests" */ = {
			isa = XCConfigurationList;
			buildConfigurations = (
				09E4C96425271375008E9448 /* Debug */,
				09E4C96525271375008E9448 /* Release */,
			);
			defaultConfigurationIsVisible = 0;
			defaultConfigurationName = Release;
		};
		09E4C96625271375008E9448 /* Build configuration list for PBXNativeTarget "Zoho NotesUITests" */ = {
			isa = XCConfigurationList;
			buildConfigurations = (
				09E4C96725271375008E9448 /* Debug */,
				09E4C96825271375008E9448 /* Release */,
			);
			defaultConfigurationIsVisible = 0;
			defaultConfigurationName = Release;
		};
/* End XCConfigurationList section */
	};
	rootObject = 09E4C92B25271372008E9448 /* Project object */;
}
