PODS:
  - Markup (2.2)
  - NVActivityIndicatorView/Base (5.0.1)
  - NVActivityIndicatorView/Extended (5.0.1):
    - NVActivityIndicatorView/Base
  - SDWebImage (5.9.2):
    - SDWebImage/Core (= 5.9.2)
  - SDWebImage/Core (5.9.2)

DEPENDENCIES:
  - Markup
  - NVActivityIndicatorView/Extended
  - SDWebImage (~> 5.0)

SPEC REPOS:
  trunk:
    - Markup
    - NVActivityIndicatorView
    - SDWebImage

SPEC CHECKSUMS:
  Markup: 8c29257bd52d0e7ef047e83939102f097b4f8570
  NVActivityIndicatorView: 738e843cb8924e9e4fc3e559d0728031624bf860
  SDWebImage: 0b42b8719ab0c5257177d5894306e8a336b21cbb

PODFILE CHECKSUM: a70bad49080f71569c091a7cd816cf1fcf6a6366

COCOAPODS: 1.9.3
